// !$*UTF8*$!
{
	archiveVersion = 1;
	classes = {
	};
	objectVersion = 56;
	objects = {

/* Begin PBXBuildFile section */
		53FA1D3B2AD366A800FB2FCE /* AppDelegate.swift in Sources */ = {isa = PBXBuildFile; fileRef = 53FA1D3A2AD366A800FB2FCE /* AppDelegate.swift */; };
		53FA1D3D2AD366A800FB2FCE /* SceneDelegate.swift in Sources */ = {isa = PBXBuildFile; fileRef = 53FA1D3C2AD366A800FB2FCE /* SceneDelegate.swift */; };
		53FA1D3F2AD366A800FB2FCE /* ViewController.swift in Sources */ = {isa = PBXBuildFile; fileRef = 53FA1D3E2AD366A800FB2FCE /* ViewController.swift */; };
		53FA1D422AD366A800FB2FCE /* Main.storyboard in Resources */ = {isa = PBXBuildFile; fileRef = 53FA1D402AD366A800FB2FCE /* Main.storyboard */; };
		53FA1D442AD366A900FB2FCE /* Assets.xcassets in Resources */ = {isa = PBXBuildFile; fileRef = 53FA1D432AD366A900FB2FCE /* Assets.xcassets */; };
		53FA1D472AD366A900FB2FCE /* LaunchScreen.storyboard in Resources */ = {isa = PBXBuildFile; fileRef = 53FA1D452AD366A900FB2FCE /* LaunchScreen.storyboard */; };
		53FA1D522AD366AA00FB2FCE /* Lab5Tests.swift in Sources */ = {isa = PBXBuildFile; fileRef = 53FA1D512AD366AA00FB2FCE /* Lab5Tests.swift */; };
		53FA1D5C2AD366AA00FB2FCE /* Lab5UITests.swift in Sources */ = {isa = PBXBuildFile; fileRef = 53FA1D5B2AD366AA00FB2FCE /* Lab5UITests.swift */; };
		53FA1D5E2AD366AA00FB2FCE /* Lab5UITestsLaunchTests.swift in Sources */ = {isa = PBXBuildFile; fileRef = 53FA1D5D2AD366AA00FB2FCE /* Lab5UITestsLaunchTests.swift */; };
/* End PBXBuildFile section */

/* Begin PBXContainerItemProxy section */
		53FA1D4E2AD366AA00FB2FCE /* PBXContainerItemProxy */ = {
			isa = PBXContainerItemProxy;
			containerPortal = 53FA1D2F2AD366A700FB2FCE /* Project object */;
			proxyType = 1;
			remoteGlobalIDString = 53FA1D362AD366A700FB2FCE;
			remoteInfo = Lab5;
		};
		53FA1D582AD366AA00FB2FCE /* PBXContainerItemProxy */ = {
			isa = PBXContainerItemProxy;
			containerPortal = 53FA1D2F2AD366A700FB2FCE /* Project object */;
			proxyType = 1;
			remoteGlobalIDString = 53FA1D362AD366A700FB2FCE;
			remoteInfo = Lab5;
		};
/* End PBXContainerItemProxy section */

/* Begin PBXFileReference section */
		53FA1D372AD366A800FB2FCE /* Lab5.app */ = {isa = PBXFileReference; explicitFileType = wrapper.application; includeInIndex = 0; path = Lab5.app; sourceTree = BUILT_PRODUCTS_DIR; };
		53FA1D3A2AD366A800FB2FCE /* AppDelegate.swift */ = {isa = PBXFileReference; lastKnownFileType = sourcecode.swift; path = AppDelegate.swift; sourceTree = "<group>"; };
		53FA1D3C2AD366A800FB2FCE /* SceneDelegate.swift */ = {isa = PBXFileReference; lastKnownFileType = sourcecode.swift; path = SceneDelegate.swift; sourceTree = "<group>"; };
		53FA1D3E2AD366A800FB2FCE /* ViewController.swift */ = {isa = PBXFileReference; lastKnownFileType = sourcecode.swift; path = ViewController.swift; sourceTree = "<group>"; };
		53FA1D412AD366A800FB2FCE /* Base */ = {isa = PBXFileReference; lastKnownFileType = file.storyboard; name = Base; path = Base.lproj/Main.storyboard; sourceTree = "<group>"; };
		53FA1D432AD366A900FB2FCE /* Assets.xcassets */ = {isa = PBXFileReference; lastKnownFileType = folder.assetcatalog; path = Assets.xcassets; sourceTree = "<group>"; };
		53FA1D462AD366A900FB2FCE /* Base */ = {isa = PBXFileReference; lastKnownFileType = file.storyboard; name = Base; path = Base.lproj/LaunchScreen.storyboard; sourceTree = "<group>"; };
		53FA1D482AD366A900FB2FCE /* Info.plist */ = {isa = PBXFileReference; lastKnownFileType = text.plist.xml; path = Info.plist; sourceTree = "<group>"; };
		53FA1D4D2AD366AA00FB2FCE /* Lab5Tests.xctest */ = {isa = PBXFileReference; explicitFileType = wrapper.cfbundle; includeInIndex = 0; path = Lab5Tests.xctest; sourceTree = BUILT_PRODUCTS_DIR; };
		53FA1D512AD366AA00FB2FCE /* Lab5Tests.swift */ = {isa = PBXFileReference; lastKnownFileType = sourcecode.swift; path = Lab5Tests.swift; sourceTree = "<group>"; };
		53FA1D572AD366AA00FB2FCE /* Lab5UITests.xctest */ = {isa = PBXFileReference; explicitFileType = wrapper.cfbundle; includeInIndex = 0; path = Lab5UITests.xctest; sourceTree = BUILT_PRODUCTS_DIR; };
		53FA1D5B2AD366AA00FB2FCE /* Lab5UITests.swift */ = {isa = PBXFileReference; lastKnownFileType = sourcecode.swift; path = Lab5UITests.swift; sourceTree = "<group>"; };
		53FA1D5D2AD366AA00FB2FCE /* Lab5UITestsLaunchTests.swift */ = {isa = PBXFileReference; lastKnownFileType = sourcecode.swift; path = Lab5UITestsLaunchTests.swift; sourceTree = "<group>"; };
/* End PBXFileReference section */

/* Begin PBXFrameworksBuildPhase section */
		53FA1D342AD366A700FB2FCE /* Frameworks */ = {
			isa = PBXFrameworksBuildPhase;
			buildActionMask = 2147483647;
			files = (
			);
			runOnlyForDeploymentPostprocessing = 0;
		};
		53FA1D4A2AD366AA00FB2FCE /* Frameworks */ = {
			isa = PBXFrameworksBuildPhase;
			buildActionMask = 2147483647;
			files = (
			);
			runOnlyForDeploymentPostprocessing = 0;
		};
		53FA1D542AD366AA00FB2FCE /* Frameworks */ = {
			isa = PBXFrameworksBuildPhase;
			buildActionMask = 2147483647;
			files = (
			);
			runOnlyForDeploymentPostprocessing = 0;
		};
/* End PBXFrameworksBuildPhase section */

/* Begin PBXGroup section */
		53FA1D2E2AD366A700FB2FCE = {
			isa = PBXGroup;
			children = (
				53FA1D392AD366A800FB2FCE /* Lab5 */,
				53FA1D502AD366AA00FB2FCE /* Lab5Tests */,
				53FA1D5A2AD366AA00FB2FCE /* Lab5UITests */,
				53FA1D382AD366A800FB2FCE /* Products */,
			);
			sourceTree = "<group>";
		};
		53FA1D382AD366A800FB2FCE /* Products */ = {
			isa = PBXGroup;
			children = (
				53FA1D372AD366A800FB2FCE /* Lab5.app */,
				53FA1D4D2AD366AA00FB2FCE /* Lab5Tests.xctest */,
				53FA1D572AD366AA00FB2FCE /* Lab5UITests.xctest */,
			);
			name = Products;
			sourceTree = "<group>";
		};
		53FA1D392AD366A800FB2FCE /* Lab5 */ = {
			isa = PBXGroup;
			children = (
				53FA1D3A2AD366A800FB2FCE /* AppDelegate.swift */,
				53FA1D3C2AD366A800FB2FCE /* SceneDelegate.swift */,
				53FA1D3E2AD366A800FB2FCE /* ViewController.swift */,
				53FA1D402AD366A800FB2FCE /* Main.storyboard */,
				53FA1D432AD366A900FB2FCE /* Assets.xcassets */,
				53FA1D452AD366A900FB2FCE /* LaunchScreen.storyboard */,
				53FA1D482AD366A900FB2FCE /* Info.plist */,
			);
			path = Lab5;
			sourceTree = "<group>";
		};
		53FA1D502AD366AA00FB2FCE /* Lab5Tests */ = {
			isa = PBXGroup;
			children = (
				53FA1D512AD366AA00FB2FCE /* Lab5Tests.swift */,
			);
			path = Lab5Tests;
			sourceTree = "<group>";
		};
		53FA1D5A2AD366AA00FB2FCE /* Lab5UITests */ = {
			isa = PBXGroup;
			children = (
				53FA1D5B2AD366AA00FB2FCE /* Lab5UITests.swift */,
				53FA1D5D2AD366AA00FB2FCE /* Lab5UITestsLaunchTests.swift */,
			);
			path = Lab5UITests;
			sourceTree = "<group>";
		};
/* End PBXGroup section */

/* Begin PBXNativeTarget section */
		53FA1D362AD366A700FB2FCE /* Lab5 */ = {
			isa = PBXNativeTarget;
			buildConfigurationList = 53FA1D612AD366AA00FB2FCE /* Build configuration list for PBXNativeTarget "Lab5" */;
			buildPhases = (
				53FA1D332AD366A700FB2FCE /* Sources */,
				53FA1D342AD366A700FB2FCE /* Frameworks */,
				53FA1D352AD366A700FB2FCE /* Resources */,
			);
			buildRules = (
			);
			dependencies = (
			);
			name = Lab5;
			productName = Lab5;
			productReference = 53FA1D372AD366A800FB2FCE /* Lab5.app */;
			productType = "com.apple.product-type.application";
		};
		53FA1D4C2AD366AA00FB2FCE /* Lab5Tests */ = {
			isa = PBXNativeTarget;
			buildConfigurationList = 53FA1D642AD366AA00FB2FCE /* Build configuration list for PBXNativeTarget "Lab5Tests" */;
			buildPhases = (
				53FA1D492AD366AA00FB2FCE /* Sources */,
				53FA1D4A2AD366AA00FB2FCE /* Frameworks */,
				53FA1D4B2AD366AA00FB2FCE /* Resources */,
			);
			buildRules = (
			);
			dependencies = (
				53FA1D4F2AD366AA00FB2FCE /* PBXTargetDependency */,
			);
			name = Lab5Tests;
			productName = Lab5Tests;
			productReference = 53FA1D4D2AD366AA00FB2FCE /* Lab5Tests.xctest */;
			productType = "com.apple.product-type.bundle.unit-test";
		};
		53FA1D562AD366AA00FB2FCE /* Lab5UITests */ = {
			isa = PBXNativeTarget;
			buildConfigurationList = 53FA1D672AD366AA00FB2FCE /* Build configuration list for PBXNativeTarget "Lab5UITests" */;
			buildPhases = (
				53FA1D532AD366AA00FB2FCE /* Sources */,
				53FA1D542AD366AA00FB2FCE /* Frameworks */,
				53FA1D552AD366AA00FB2FCE /* Resources */,
			);
			buildRules = (
			);
			dependencies = (
				53FA1D592AD366AA00FB2FCE /* PBXTargetDependency */,
			);
			name = Lab5UITests;
			productName = Lab5UITests;
			productReference = 53FA1D572AD366AA00FB2FCE /* Lab5UITests.xctest */;
			productType = "com.apple.product-type.bundle.ui-testing";
		};
/* End PBXNativeTarget section */

/* Begin PBXProject section */
		53FA1D2F2AD366A700FB2FCE /* Project object */ = {
			isa = PBXProject;
			attributes = {
				BuildIndependentTargetsInParallel = 1;
				LastSwiftUpdateCheck = 1420;
				LastUpgradeCheck = 1420;
				TargetAttributes = {
					53FA1D362AD366A700FB2FCE = {
						CreatedOnToolsVersion = 14.2;
					};
					53FA1D4C2AD366AA00FB2FCE = {
						CreatedOnToolsVersion = 14.2;
						TestTargetID = 53FA1D362AD366A700FB2FCE;
					};
					53FA1D562AD366AA00FB2FCE = {
						CreatedOnToolsVersion = 14.2;
						TestTargetID = 53FA1D362AD366A700FB2FCE;
					};
				};
			};
			buildConfigurationList = 53FA1D322AD366A700FB2FCE /* Build configuration list for PBXProject "Lab5" */;
			compatibilityVersion = "Xcode 14.0";
			developmentRegion = en;
			hasScannedForEncodings = 0;
			knownRegions = (
				en,
				Base,
			);
			mainGroup = 53FA1D2E2AD366A700FB2FCE;
			productRefGroup = 53FA1D382AD366A800FB2FCE /* Products */;
			projectDirPath = "";
			projectRoot = "";
			targets = (
				53FA1D362AD366A700FB2FCE /* Lab5 */,
				53FA1D4C2AD366AA00FB2FCE /* Lab5Tests */,
				53FA1D562AD366AA00FB2FCE /* Lab5UITests */,
			);
		};
/* End PBXProject section */

/* Begin PBXResourcesBuildPhase section */
		53FA1D352AD366A700FB2FCE /* Resources */ = {
			isa = PBXResourcesBuildPhase;
			buildActionMask = 2147483647;
			files = (
				53FA1D472AD366A900FB2FCE /* LaunchScreen.storyboard in Resources */,
				53FA1D442AD366A900FB2FCE /* Assets.xcassets in Resources */,
				53FA1D422AD366A800FB2FCE /* Main.storyboard in Resources */,
			);
			runOnlyForDeploymentPostprocessing = 0;
		};
		53FA1D4B2AD366AA00FB2FCE /* Resources */ = {
			isa = PBXResourcesBuildPhase;
			buildActionMask = 2147483647;
			files = (
			);
			runOnlyForDeploymentPostprocessing = 0;
		};
		53FA1D552AD366AA00FB2FCE /* Resources */ = {
			isa = PBXResourcesBuildPhase;
			buildActionMask = 2147483647;
			files = (
			);
			runOnlyForDeploymentPostprocessing = 0;
		};
/* End PBXResourcesBuildPhase section */

/* Begin PBXSourcesBuildPhase section */
		53FA1D332AD366A700FB2FCE /* Sources */ = {
			isa = PBXSourcesBuildPhase;
			buildActionMask = 2147483647;
			files = (
				53FA1D3F2AD366A800FB2FCE /* ViewController.swift in Sources */,
				53FA1D3B2AD366A800FB2FCE /* AppDelegate.swift in Sources */,
				53FA1D3D2AD366A800FB2FCE /* SceneDelegate.swift in Sources */,
			);
			runOnlyForDeploymentPostprocessing = 0;
		};
		53FA1D492AD366AA00FB2FCE /* Sources */ = {
			isa = PBXSourcesBuildPhase;
			buildActionMask = 2147483647;
			files = (
				53FA1D522AD366AA00FB2FCE /* Lab5Tests.swift in Sources */,
			);
			runOnlyForDeploymentPostprocessing = 0;
		};
		53FA1D532AD366AA00FB2FCE /* Sources */ = {
			isa = PBXSourcesBuildPhase;
			buildActionMask = 2147483647;
			files = (
				53FA1D5E2AD366AA00FB2FCE /* Lab5UITestsLaunchTests.swift in Sources */,
				53FA1D5C2AD366AA00FB2FCE /* Lab5UITests.swift in Sources */,
			);
			runOnlyForDeploymentPostprocessing = 0;
		};
/* End PBXSourcesBuildPhase section */

/* Begin PBXTargetDependency section */
		53FA1D4F2AD366AA00FB2FCE /* PBXTargetDependency */ = {
			isa = PBXTargetDependency;
			target = 53FA1D362AD366A700FB2FCE /* Lab5 */;
			targetProxy = 53FA1D4E2AD366AA00FB2FCE /* PBXContainerItemProxy */;
		};
		53FA1D592AD366AA00FB2FCE /* PBXTargetDependency */ = {
			isa = PBXTargetDependency;
			target = 53FA1D362AD366A700FB2FCE /* Lab5 */;
			targetProxy = 53FA1D582AD366AA00FB2FCE /* PBXContainerItemProxy */;
		};
/* End PBXTargetDependency section */

/* Begin PBXVariantGroup section */
		53FA1D402AD366A800FB2FCE /* Main.storyboard */ = {
			isa = PBXVariantGroup;
			children = (
				53FA1D412AD366A800FB2FCE /* Base */,
			);
			name = Main.storyboard;
			sourceTree = "<group>";
		};
		53FA1D452AD366A900FB2FCE /* LaunchScreen.storyboard */ = {
			isa = PBXVariantGroup;
			children = (
				53FA1D462AD366A900FB2FCE /* Base */,
			);
			name = LaunchScreen.storyboard;
			sourceTree = "<group>";
		};
/* End PBXVariantGroup section */

/* Begin XCBuildConfiguration section */
		53FA1D5F2AD366AA00FB2FCE /* Debug */ = {
			isa = XCBuildConfiguration;
			buildSettings = {
				ALWAYS_SEARCH_USER_PATHS = NO;
				CLANG_ANALYZER_NONNULL = YES;
				CLANG_ANALYZER_NUMBER_OBJECT_CONVERSION = YES_AGGRESSIVE;
				CLANG_CXX_LANGUAGE_STANDARD = "gnu++20";
				CLANG_ENABLE_MODULES = YES;
				CLANG_ENABLE_OBJC_ARC = YES;
				CLANG_ENABLE_OBJC_WEAK = YES;
				CLANG_WARN_BLOCK_CAPTURE_AUTORELEASING = YES;
				CLANG_WARN_BOOL_CONVERSION = YES;
				CLANG_WARN_COMMA = YES;
				CLANG_WARN_CONSTANT_CONVERSION = YES;
				CLANG_WARN_DEPRECATED_OBJC_IMPLEMENTATIONS = YES;
				CLANG_WARN_DIRECT_OBJC_ISA_USAGE = YES_ERROR;
				CLANG_WARN_DOCUMENTATION_COMMENTS = YES;
				CLANG_WARN_EMPTY_BODY = YES;
				CLANG_WARN_ENUM_CONVERSION = YES;
				CLANG_WARN_INFINITE_RECURSION = YES;
				CLANG_WARN_INT_CONVERSION = YES;
				CLANG_WARN_NON_LITERAL_NULL_CONVERSION = YES;
				CLANG_WARN_OBJC_IMPLICIT_RETAIN_SELF = YES;
				CLANG_WARN_OBJC_LITERAL_CONVERSION = YES;
				CLANG_WARN_OBJC_ROOT_CLASS = YES_ERROR;
				CLANG_WARN_QUOTED_INCLUDE_IN_FRAMEWORK_HEADER = YES;
				CLANG_WARN_RANGE_LOOP_ANALYSIS = YES;
				CLANG_WARN_STRICT_PROTOTYPES = YES;
				CLANG_WARN_SUSPICIOUS_MOVE = YES;
				CLANG_WARN_UNGUARDED_AVAILABILITY = YES_AGGRESSIVE;
				CLANG_WARN_UNREACHABLE_CODE = YES;
				CLANG_WARN__DUPLICATE_METHOD_MATCH = YES;
				COPY_PHASE_STRIP = NO;
				DEBUG_INFORMATION_FORMAT = dwarf;
				ENABLE_STRICT_OBJC_MSGSEND = YES;
				ENABLE_TESTABILITY = YES;
				GCC_C_LANGUAGE_STANDARD = gnu11;
				GCC_DYNAMIC_NO_PIC = NO;
				GCC_NO_COMMON_BLOCKS = YES;
				GCC_OPTIMIZATION_LEVEL = 0;
				GCC_PREPROCESSOR_DEFINITIONS = (
					"DEBUG=1",
					"$(inherited)",
				);
				GCC_WARN_64_TO_32_BIT_CONVERSION = YES;
				GCC_WARN_ABOUT_RETURN_TYPE = YES_ERROR;
				GCC_WARN_UNDECLARED_SELECTOR = YES;
				GCC_WARN_UNINITIALIZED_AUTOS = YES_AGGRESSIVE;
				GCC_WARN_UNUSED_FUNCTION = YES;
				GCC_WARN_UNUSED_VARIABLE = YES;
				IPHONEOS_DEPLOYMENT_TARGET = 16.2;
				MTL_ENABLE_DEBUG_INFO = INCLUDE_SOURCE;
				MTL_FAST_MATH = YES;
				ONLY_ACTIVE_ARCH = YES;
				SDKROOT = iphoneos;
				SWIFT_ACTIVE_COMPILATION_CONDITIONS = DEBUG;
				SWIFT_OPTIMIZATION_LEVEL = "-Onone";
			};
			name = Debug;
		};
		53FA1D602AD366AA00FB2FCE /* Release */ = {
			isa = XCBuildConfiguration;
			buildSettings = {
				ALWAYS_SEARCH_USER_PATHS = NO;
				CLANG_ANALYZER_NONNULL = YES;
				CLANG_ANALYZER_NUMBER_OBJECT_CONVERSION = YES_AGGRESSIVE;
				CLANG_CXX_LANGUAGE_STANDARD = "gnu++20";
				CLANG_ENABLE_MODULES = YES;
				CLANG_ENABLE_OBJC_ARC = YES;
				CLANG_ENABLE_OBJC_WEAK = YES;
				CLANG_WARN_BLOCK_CAPTURE_AUTORELEASING = YES;
				CLANG_WARN_BOOL_CONVERSION = YES;
				CLANG_WARN_COMMA = YES;
				CLANG_WARN_CONSTANT_CONVERSION = YES;
				CLANG_WARN_DEPRECATED_OBJC_IMPLEMENTATIONS = YES;
				CLANG_WARN_DIRECT_OBJC_ISA_USAGE = YES_ERROR;
				CLANG_WARN_DOCUMENTATION_COMMENTS = YES;
				CLANG_WARN_EMPTY_BODY = YES;
				CLANG_WARN_ENUM_CONVERSION = YES;
				CLANG_WARN_INFINITE_RECURSION = YES;
				CLANG_WARN_INT_CONVERSION = YES;
				CLANG_WARN_NON_LITERAL_NULL_CONVERSION = YES;
				CLANG_WARN_OBJC_IMPLICIT_RETAIN_SELF = YES;
				CLANG_WARN_OBJC_LITERAL_CONVERSION = YES;
				CLANG_WARN_OBJC_ROOT_CLASS = YES_ERROR;
				CLANG_WARN_QUOTED_INCLUDE_IN_FRAMEWORK_HEADER = YES;
				CLANG_WARN_RANGE_LOOP_ANALYSIS = YES;
				CLANG_WARN_STRICT_PROTOTYPES = YES;
				CLANG_WARN_SUSPICIOUS_MOVE = YES;
				CLANG_WARN_UNGUARDED_AVAILABILITY = YES_AGGRESSIVE;
				CLANG_WARN_UNREACHABLE_CODE = YES;
				CLANG_WARN__DUPLICATE_METHOD_MATCH = YES;
				COPY_PHASE_STRIP = NO;
				DEBUG_INFORMATION_FORMAT = "dwarf-with-dsym";
				ENABLE_NS_ASSERTIONS = NO;
				ENABLE_STRICT_OBJC_MSGSEND = YES;
				GCC_C_LANGUAGE_STANDARD = gnu11;
				GCC_NO_COMMON_BLOCKS = YES;
				GCC_WARN_64_TO_32_BIT_CONVERSION = YES;
				GCC_WARN_ABOUT_RETURN_TYPE = YES_ERROR;
				GCC_WARN_UNDECLARED_SELECTOR = YES;
				GCC_WARN_UNINITIALIZED_AUTOS = YES_AGGRESSIVE;
				GCC_WARN_UNUSED_FUNCTION = YES;
				GCC_WARN_UNUSED_VARIABLE = YES;
				IPHONEOS_DEPLOYMENT_TARGET = 16.2;
				MTL_ENABLE_DEBUG_INFO = NO;
				MTL_FAST_MATH = YES;
				SDKROOT = iphoneos;
				SWIFT_COMPILATION_MODE = wholemodule;
				SWIFT_OPTIMIZATION_LEVEL = "-O";
				VALIDATE_PRODUCT = YES;
			};
			name = Release;
		};
		53FA1D622AD366AA00FB2FCE /* Debug */ = {
			isa = XCBuildConfiguration;
			buildSettings = {
				ASSETCATALOG_COMPILER_APPICON_NAME = AppIcon;
				ASSETCATALOG_COMPILER_GLOBAL_ACCENT_COLOR_NAME = AccentColor;
				CODE_SIGN_STYLE = Automatic;
				CURRENT_PROJECT_VERSION = 1;
				GENERATE_INFOPLIST_FILE = YES;
				INFOPLIST_FILE = Lab5/Info.plist;
				INFOPLIST_KEY_UIApplicationSupportsIndirectInputEvents = YES;
				INFOPLIST_KEY_UILaunchStoryboardName = LaunchScreen;
				INFOPLIST_KEY_UIMainStoryboardFile = Main;
				INFOPLIST_KEY_UISupportedInterfaceOrientations = UIInterfaceOrientationPortrait;
				LD_RUNPATH_SEARCH_PATHS = (
					"$(inherited)",
					"@executable_path/Frameworks",
				);
				MARKETING_VERSION = 1.0;
				PRODUCT_BUNDLE_IDENTIFIER = com.conestoga.Lab5;
				PRODUCT_NAME = "$(TARGET_NAME)";
				SWIFT_EMIT_LOC_STRINGS = YES;
				SWIFT_VERSION = 5.0;
				TARGETED_DEVICE_FAMILY = "1,2";
			};
			name = Debug;
		};
		53FA1D632AD366AA00FB2FCE /* Release */ = {
			isa = XCBuildConfiguration;
			buildSettings = {
				ASSETCATALOG_COMPILER_APPICON_NAME = AppIcon;
				ASSETCATALOG_COMPILER_GLOBAL_ACCENT_COLOR_NAME = AccentColor;
				CODE_SIGN_STYLE = Automatic;
				CURRENT_PROJECT_VERSION = 1;
				GENERATE_INFOPLIST_FILE = YES;
				INFOPLIST_FILE = Lab5/Info.plist;
				INFOPLIST_KEY_UIApplicationSupportsIndirectInputEvents = YES;
				INFOPLIST_KEY_UILaunchStoryboardName = LaunchScreen;
				INFOPLIST_KEY_UIMainStoryboardFile = Main;
				INFOPLIST_KEY_UISupportedInterfaceOrientations = UIInterfaceOrientationPortrait;
				LD_RUNPATH_SEARCH_PATHS = (
					"$(inherited)",
					"@executable_path/Frameworks",
				);
				MARKETING_VERSION = 1.0;
				PRODUCT_BUNDLE_IDENTIFIER = com.conestoga.Lab5;
				PRODUCT_NAME = "$(TARGET_NAME)";
				SWIFT_EMIT_LOC_STRINGS = YES;
				SWIFT_VERSION = 5.0;
				TARGETED_DEVICE_FAMILY = "1,2";
			};
			name = Release;
		};
		53FA1D652AD366AA00FB2FCE /* Debug */ = {
			isa = XCBuildConfiguration;
			buildSettings = {
				ALWAYS_EMBED_SWIFT_STANDARD_LIBRARIES = YES;
				BUNDLE_LOADER = "$(TEST_HOST)";
				CODE_SIGN_STYLE = Automatic;
				CURRENT_PROJECT_VERSION = 1;
				GENERATE_INFOPLIST_FILE = YES;
				IPHONEOS_DEPLOYMENT_TARGET = 16.2;
				MARKETING_VERSION = 1.0;
				PRODUCT_BUNDLE_IDENTIFIER = com.conestoga.Lab5Tests;
				PRODUCT_NAME = "$(TARGET_NAME)";
				SWIFT_EMIT_LOC_STRINGS = NO;
				SWIFT_VERSION = 5.0;
				TARGETED_DEVICE_FAMILY = "1,2";
				TEST_HOST = "$(BUILT_PRODUCTS_DIR)/Lab5.app/$(BUNDLE_EXECUTABLE_FOLDER_PATH)/Lab5";
			};
			name = Debug;
		};
		53FA1D662AD366AA00FB2FCE /* Release */ = {
			isa = XCBuildConfiguration;
			buildSettings = {
				ALWAYS_EMBED_SWIFT_STANDARD_LIBRARIES = YES;
				BUNDLE_LOADER = "$(TEST_HOST)";
				CODE_SIGN_STYLE = Automatic;
				CURRENT_PROJECT_VERSION = 1;
				GENERATE_INFOPLIST_FILE = YES;
				IPHONEOS_DEPLOYMENT_TARGET = 16.2;
				MARKETING_VERSION = 1.0;
				PRODUCT_BUNDLE_IDENTIFIER = com.conestoga.Lab5Tests;
				PRODUCT_NAME = "$(TARGET_NAME)";
				SWIFT_EMIT_LOC_STRINGS = NO;
				SWIFT_VERSION = 5.0;
				TARGETED_DEVICE_FAMILY = "1,2";
				TEST_HOST = "$(BUILT_PRODUCTS_DIR)/Lab5.app/$(BUNDLE_EXECUTABLE_FOLDER_PATH)/Lab5";
			};
			name = Release;
		};
		53FA1D682AD366AA00FB2FCE /* Debug */ = {
			isa = XCBuildConfiguration;
			buildSettings = {
				ALWAYS_EMBED_SWIFT_STANDARD_LIBRARIES = YES;
				CODE_SIGN_STYLE = Automatic;
				CURRENT_PROJECT_VERSION = 1;
				GENERATE_INFOPLIST_FILE = YES;
				MARKETING_VERSION = 1.0;
				PRODUCT_BUNDLE_IDENTIFIER = com.conestoga.Lab5UITests;
				PRODUCT_NAME = "$(TARGET_NAME)";
				SWIFT_EMIT_LOC_STRINGS = NO;
				SWIFT_VERSION = 5.0;
				TARGETED_DEVICE_FAMILY = "1,2";
				TEST_TARGET_NAME = Lab5;
			};
			name = Debug;
		};
		53FA1D692AD366AA00FB2FCE /* Release */ = {
			isa = XCBuildConfiguration;
			buildSettings = {
				ALWAYS_EMBED_SWIFT_STANDARD_LIBRARIES = YES;
				CODE_SIGN_STYLE = Automatic;
				CURRENT_PROJECT_VERSION = 1;
				GENERATE_INFOPLIST_FILE = YES;
				MARKETING_VERSION = 1.0;
				PRODUCT_BUNDLE_IDENTIFIER = com.conestoga.Lab5UITests;
				PRODUCT_NAME = "$(TARGET_NAME)";
				SWIFT_EMIT_LOC_STRINGS = NO;
				SWIFT_VERSION = 5.0;
				TARGETED_DEVICE_FAMILY = "1,2";
				TEST_TARGET_NAME = Lab5;
			};
			name = Release;
		};
/* End XCBuildConfiguration section */

/* Begin XCConfigurationList section */
		53FA1D322AD366A700FB2FCE /* Build configuration list for PBXProject "Lab5" */ = {
			isa = XCConfigurationList;
			buildConfigurations = (
				53FA1D5F2AD366AA00FB2FCE /* Debug */,
				53FA1D602AD366AA00FB2FCE /* Release */,
			);
			defaultConfigurationIsVisible = 0;
			defaultConfigurationName = Release;
		};
		53FA1D612AD366AA00FB2FCE /* Build configuration list for PBXNativeTarget "Lab5" */ = {
			isa = XCConfigurationList;
			buildConfigurations = (
				53FA1D622AD366AA00FB2FCE /* Debug */,
				53FA1D632AD366AA00FB2FCE /* Release */,
			);
			defaultConfigurationIsVisible = 0;
			defaultConfigurationName = Release;
		};
		53FA1D642AD366AA00FB2FCE /* Build configuration list for PBXNativeTarget "Lab5Tests" */ = {
			isa = XCConfigurationList;
			buildConfigurations = (
				53FA1D652AD366AA00FB2FCE /* Debug */,
				53FA1D662AD366AA00FB2FCE /* Release */,
			);
			defaultConfigurationIsVisible = 0;
			defaultConfigurationName = Release;
		};
		53FA1D672AD366AA00FB2FCE /* Build configuration list for PBXNativeTarget "Lab5UITests" */ = {
			isa = XCConfigurationList;
			buildConfigurations = (
				53FA1D682AD366AA00FB2FCE /* Debug */,
				53FA1D692AD366AA00FB2FCE /* Release */,
			);
			defaultConfigurationIsVisible = 0;
			defaultConfigurationName = Release;
		};
/* End XCConfigurationList section */
	};
	rootObject = 53FA1D2F2AD366A700FB2FCE /* Project object */;
}
